// !$*UTF8*$!
{
	archiveVersion = 1;
	classes = {
	};
	objectVersion = 46;
	objects = {

/* Begin PBXBuildFile section */
		B4C3DE411E67FA5200411008 /* main.m in Sources */ = {isa = PBXBuildFile; fileRef = B4C3DE401E67FA5200411008 /* main.m */; };
		B4C3DE441E67FA5200411008 /* AppDelegate.m in Sources */ = {isa = PBXBuildFile; fileRef = B4C3DE431E67FA5200411008 /* AppDelegate.m */; };
		B4C3DE471E67FA5200411008 /* ViewController.m in Sources */ = {isa = PBXBuildFile; fileRef = B4C3DE461E67FA5200411008 /* ViewController.m */; };
		B4C3DE4A1E67FA5200411008 /* Main.storyboard in Resources */ = {isa = PBXBuildFile; fileRef = B4C3DE481E67FA5200411008 /* Main.storyboard */; };
		B4C3DE4C1E67FA5200411008 /* Assets.xcassets in Resources */ = {isa = PBXBuildFile; fileRef = B4C3DE4B1E67FA5200411008 /* Assets.xcassets */; };
		B4C3DE4F1E67FA5200411008 /* LaunchScreen.storyboard in Resources */ = {isa = PBXBuildFile; fileRef = B4C3DE4D1E67FA5200411008 /* LaunchScreen.storyboard */; };
/* End PBXBuildFile section */

/* Begin PBXFileReference section */
		B4C3DE3C1E67FA5200411008 /* SuanFa.app */ = {isa = PBXFileReference; explicitFileType = wrapper.application; includeInIndex = 0; path = SuanFa.app; sourceTree = BUILT_PRODUCTS_DIR; };
		B4C3DE401E67FA5200411008 /* main.m */ = {isa = PBXFileReference; lastKnownFileType = sourcecode.c.objc; path = main.m; sourceTree = "<group>"; };
		B4C3DE421E67FA5200411008 /* AppDelegate.h */ = {isa = PBXFileReference; lastKnownFileType = sourcecode.c.h; path = AppDelegate.h; sourceTree = "<group>"; };
		B4C3DE431E67FA5200411008 /* AppDelegate.m */ = {isa = PBXFileReference; lastKnownFileType = sourcecode.c.objc; path = AppDelegate.m; sourceTree = "<group>"; };
		B4C3DE451E67FA5200411008 /* ViewController.h */ = {isa = PBXFileReference; lastKnownFileType = sourcecode.c.h; path = ViewController.h; sourceTree = "<group>"; };
		B4C3DE461E67FA5200411008 /* ViewController.m */ = {isa = PBXFileReference; lastKnownFileType = sourcecode.c.objc; path = ViewController.m; sourceTree = "<group>"; };
		B4C3DE491E67FA5200411008 /* Base */ = {isa = PBXFileReference; lastKnownFileType = file.storyboard; name = Base; path = Base.lproj/Main.storyboard; sourceTree = "<group>"; };
		B4C3DE4B1E67FA5200411008 /* Assets.xcassets */ = {isa = PBXFileReference; lastKnownFileType = folder.assetcatalog; path = Assets.xcassets; sourceTree = "<group>"; };
		B4C3DE4E1E67FA5200411008 /* Base */ = {isa = PBXFileReference; lastKnownFileType = file.storyboard; name = Base; path = Base.lproj/LaunchScreen.storyboard; sourceTree = "<group>"; };
		B4C3DE501E67FA5200411008 /* Info.plist */ = {isa = PBXFileReference; lastKnownFileType = text.plist.xml; path = Info.plist; sourceTree = "<group>"; };
/* End PBXFileReference section */

/* Begin PBXFrameworksBuildPhase section */
		B4C3DE391E67FA5200411008 /* Frameworks */ = {
			isa = PBXFrameworksBuildPhase;
			buildActionMask = 2147483647;
			files = (
			);
			runOnlyForDeploymentPostprocessing = 0;
		};
/* End PBXFrameworksBuildPhase section */

/* Begin PBXGroup section */
		B4C3DE331E67FA5200411008 = {
			isa = PBXGroup;
			children = (
				B4C3DE3E1E67FA5200411008 /* SuanFa */,
				B4C3DE3D1E67FA5200411008 /* Products */,
			);
			sourceTree = "<group>";
		};
		B4C3DE3D1E67FA5200411008 /* Products */ = {
			isa = PBXGroup;
			children = (
				B4C3DE3C1E67FA5200411008 /* SuanFa.app */,
			);
			name = Products;
			sourceTree = "<group>";
		};
		B4C3DE3E1E67FA5200411008 /* SuanFa */ = {
			isa = PBXGroup;
			children = (
				B4C3DE421E67FA5200411008 /* AppDelegate.h */,
				B4C3DE431E67FA5200411008 /* AppDelegate.m */,
				B4C3DE451E67FA5200411008 /* ViewController.h */,
				B4C3DE461E67FA5200411008 /* ViewController.m */,
				B4C3DE481E67FA5200411008 /* Main.storyboard */,
				B4C3DE4B1E67FA5200411008 /* Assets.xcassets */,
				B4C3DE4D1E67FA5200411008 /* LaunchScreen.storyboard */,
				B4C3DE501E67FA5200411008 /* Info.plist */,
				B4C3DE3F1E67FA5200411008 /* Supporting Files */,
			);
			path = SuanFa;
			sourceTree = "<group>";
		};
		B4C3DE3F1E67FA5200411008 /* Supporting Files */ = {
			isa = PBXGroup;
			children = (
				B4C3DE401E67FA5200411008 /* main.m */,
			);
			name = "Supporting Files";
			sourceTree = "<group>";
		};
/* End PBXGroup section */

/* Begin PBXNativeTarget section */
		B4C3DE3B1E67FA5200411008 /* SuanFa */ = {
			isa = PBXNativeTarget;
			buildConfigurationList = B4C3DE531E67FA5200411008 /* Build configuration list for PBXNativeTarget "SuanFa" */;
			buildPhases = (
				B4C3DE381E67FA5200411008 /* Sources */,
				B4C3DE391E67FA5200411008 /* Frameworks */,
				B4C3DE3A1E67FA5200411008 /* Resources */,
			);
			buildRules = (
			);
			dependencies = (
			);
			name = SuanFa;
			productName = SuanFa;
			productReference = B4C3DE3C1E67FA5200411008 /* SuanFa.app */;
			productType = "com.apple.product-type.application";
		};
/* End PBXNativeTarget section */

/* Begin PBXProject section */
		B4C3DE341E67FA5200411008 /* Project object */ = {
			isa = PBXProject;
			attributes = {
				LastUpgradeCheck = 0810;
				ORGANIZATIONNAME = txx;
				TargetAttributes = {
					B4C3DE3B1E67FA5200411008 = {
						CreatedOnToolsVersion = 8.1;
						ProvisioningStyle = Automatic;
					};
				};
			};
			buildConfigurationList = B4C3DE371E67FA5200411008 /* Build configuration list for PBXProject "SuanFa" */;
			compatibilityVersion = "Xcode 3.2";
			developmentRegion = English;
			hasScannedForEncodings = 0;
			knownRegions = (
				en,
				Base,
			);
			mainGroup = B4C3DE331E67FA5200411008;
			productRefGroup = B4C3DE3D1E67FA5200411008 /* Products */;
			projectDirPath = "";
			projectRoot = "";
			targets = (
				B4C3DE3B1E67FA5200411008 /* SuanFa */,
			);
		};
/* End PBXProject section */

/* Begin PBXResourcesBuildPhase section */
		B4C3DE3A1E67FA5200411008 /* Resources */ = {
			isa = PBXResourcesBuildPhase;
			buildActionMask = 2147483647;
			files = (
				B4C3DE4F1E67FA5200411008 /* LaunchScreen.storyboard in Resources */,
				B4C3DE4C1E67FA5200411008 /* Assets.xcassets in Resources */,
				B4C3DE4A1E67FA5200411008 /* Main.storyboard in Resources */,
			);
			runOnlyForDeploymentPostprocessing = 0;
		};
/* End PBXResourcesBuildPhase section */

/* Begin PBXSourcesBuildPhase section */
		B4C3DE381E67FA5200411008 /* Sources */ = {
			isa = PBXSourcesBuildPhase;
			buildActionMask = 2147483647;
			files = (
				B4C3DE471E67FA5200411008 /* ViewController.m in Sources */,
				B4C3DE441E67FA5200411008 /* AppDelegate.m in Sources */,
				B4C3DE411E67FA5200411008 /* main.m in Sources */,
			);
			runOnlyForDeploymentPostprocessing = 0;
		};
/* End PBXSourcesBuildPhase section */

/* Begin PBXVariantGroup section */
		B4C3DE481E67FA5200411008 /* Main.storyboard */ = {
			isa = PBXVariantGroup;
			children = (
				B4C3DE491E67FA5200411008 /* Base */,
			);
			name = Main.storyboard;
			sourceTree = "<group>";
		};
		B4C3DE4D1E67FA5200411008 /* LaunchScreen.storyboard */ = {
			isa = PBXVariantGroup;
			children = (
				B4C3DE4E1E67FA5200411008 /* Base */,
			);
			name = LaunchScreen.storyboard;
			sourceTree = "<group>";
		};
/* End PBXVariantGroup section */

/* Begin XCBuildConfiguration section */
		B4C3DE511E67FA5200411008 /* Debug */ = {
			isa = XCBuildConfiguration;
			buildSettings = {
				ALWAYS_SEARCH_USER_PATHS = NO;
				CLANG_ANALYZER_NONNULL = YES;
				CLANG_CXX_LANGUAGE_STANDARD = "gnu++0x";
				CLANG_CXX_LIBRARY = "libc++";
				CLANG_ENABLE_MODULES = YES;
				CLANG_ENABLE_OBJC_ARC = YES;
				CLANG_WARN_BOOL_CONVERSION = YES;
				CLANG_WARN_CONSTANT_CONVERSION = YES;
				CLANG_WARN_DIRECT_OBJC_ISA_USAGE = YES_ERROR;
				CLANG_WARN_DOCUMENTATION_COMMENTS = YES;
				CLANG_WARN_EMPTY_BODY = YES;
				CLANG_WARN_ENUM_CONVERSION = YES;
				CLANG_WARN_INFINITE_RECURSION = YES;
				CLANG_WARN_INT_CONVERSION = YES;
				CLANG_WARN_OBJC_ROOT_CLASS = YES_ERROR;
				CLANG_WARN_SUSPICIOUS_MOVES = YES;
				CLANG_WARN_UNREACHABLE_CODE = YES;
				CLANG_WARN__DUPLICATE_METHOD_MATCH = YES;
				"CODE_SIGN_IDENTITY[sdk=iphoneos*]" = "iPhone Developer";
				COPY_PHASE_STRIP = NO;
				DEBUG_INFORMATION_FORMAT = dwarf;
				ENABLE_STRICT_OBJC_MSGSEND = YES;
				ENABLE_TESTABILITY = YES;
				GCC_C_LANGUAGE_STANDARD = gnu99;
				GCC_DYNAMIC_NO_PIC = NO;
				GCC_NO_COMMON_BLOCKS = YES;
				GCC_OPTIMIZATION_LEVEL = 0;
				GCC_PREPROCESSOR_DEFINITIONS = (
					"DEBUG=1",
					"$(inherited)",
				);
				GCC_WARN_64_TO_32_BIT_CONVERSION = YES;
				GCC_WARN_ABOUT_RETURN_TYPE = YES_ERROR;
				GCC_WARN_UNDECLARED_SELECTOR = YES;
				GCC_WARN_UNINITIALIZED_AUTOS = YES_AGGRESSIVE;
				GCC_WARN_UNUSED_FUNCTION = YES;
				GCC_WARN_UNUSED_VARIABLE = YES;
				IPHONEOS_DEPLOYMENT_TARGET = 10.1;
				MTL_ENABLE_DEBUG_INFO = YES;
				ONLY_ACTIVE_ARCH = YES;
				SDKROOT = iphoneos;
			};
			name = Debug;
		};
		B4C3DE521E67FA5200411008 /* Release */ = {
			isa = XCBuildConfiguration;
			buildSettings = {
				ALWAYS_SEARCH_USER_PATHS = NO;
				CLANG_ANALYZER_NONNULL = YES;
				CLANG_CXX_LANGUAGE_STANDARD = "gnu++0x";
				CLANG_CXX_LIBRARY = "libc++";
				CLANG_ENABLE_MODULES = YES;
				CLANG_ENABLE_OBJC_ARC = YES;
				CLANG_WARN_BOOL_CONVERSION = YES;
				CLANG_WARN_CONSTANT_CONVERSION = YES;
				CLANG_WARN_DIRECT_OBJC_ISA_USAGE = YES_ERROR;
				CLANG_WARN_DOCUMENTATION_COMMENTS = YES;
				CLANG_WARN_EMPTY_BODY = YES;
				CLANG_WARN_ENUM_CONVERSION = YES;
				CLANG_WARN_INFINITE_RECURSION = YES;
				CLANG_WARN_INT_CONVERSION = YES;
				CLANG_WARN_OBJC_ROOT_CLASS = YES_ERROR;
				CLANG_WARN_SUSPICIOUS_MOVES = YES;
				CLANG_WARN_UNREACHABLE_CODE = YES;
				CLANG_WARN__DUPLICATE_METHOD_MATCH = YES;
				"CODE_SIGN_IDENTITY[sdk=iphoneos*]" = "iPhone Developer";
				COPY_PHASE_STRIP = NO;
				DEBUG_INFORMATION_FORMAT = "dwarf-with-dsym";
				ENABLE_NS_ASSERTIONS = NO;
				ENABLE_STRICT_OBJC_MSGSEND = YES;
				GCC_C_LANGUAGE_STANDARD = gnu99;
				GCC_NO_COMMON_BLOCKS = YES;
				GCC_WARN_64_TO_32_BIT_CONVERSION = YES;
				GCC_WARN_ABOUT_RETURN_TYPE = YES_ERROR;
				GCC_WARN_UNDECLARED_SELECTOR = YES;
				GCC_WARN_UNINITIALIZED_AUTOS = YES_AGGRESSIVE;
				GCC_WARN_UNUSED_FUNCTION = YES;
				GCC_WARN_UNUSED_VARIABLE = YES;
				IPHONEOS_DEPLOYMENT_TARGET = 10.1;
				MTL_ENABLE_DEBUG_INFO = NO;
				SDKROOT = iphoneos;
				VALIDATE_PRODUCT = YES;
			};
			name = Release;
		};
		B4C3DE541E67FA5200411008 /* Debug */ = {
			isa = XCBuildConfiguration;
			buildSettings = {
				ASSETCATALOG_COMPILER_APPICON_NAME = AppIcon;
				INFOPLIST_FILE = SuanFa/Info.plist;
				LD_RUNPATH_SEARCH_PATHS = "$(inherited) @executable_path/Frameworks";
				PRODUCT_BUNDLE_IDENTIFIER = com.51jk.SuanFa;
				PRODUCT_NAME = "$(TARGET_NAME)";
			};
			name = Debug;
		};
		B4C3DE551E67FA5200411008 /* Release */ = {
			isa = XCBuildConfiguration;
			buildSettings = {
				ASSETCATALOG_COMPILER_APPICON_NAME = AppIcon;
				INFOPLIST_FILE = SuanFa/Info.plist;
				LD_RUNPATH_SEARCH_PATHS = "$(inherited) @executable_path/Frameworks";
				PRODUCT_BUNDLE_IDENTIFIER = com.51jk.SuanFa;
				PRODUCT_NAME = "$(TARGET_NAME)";
			};
			name = Release;
		};
/* End XCBuildConfiguration section */

/* Begin XCConfigurationList section */
		B4C3DE371E67FA5200411008 /* Build configuration list for PBXProject "SuanFa" */ = {
			isa = XCConfigurationList;
			buildConfigurations = (
				B4C3DE511E67FA5200411008 /* Debug */,
				B4C3DE521E67FA5200411008 /* Release */,
			);
			defaultConfigurationIsVisible = 0;
			defaultConfigurationName = Release;
		};
		B4C3DE531E67FA5200411008 /* Build configuration list for PBXNativeTarget "SuanFa" */ = {
			isa = XCConfigurationList;
			buildConfigurations = (
				B4C3DE541E67FA5200411008 /* Debug */,
				B4C3DE551E67FA5200411008 /* Release */,
			);
			defaultConfigurationIsVisible = 0;
		};
/* End XCConfigurationList section */
	};
	rootObject = B4C3DE341E67FA5200411008 /* Project object */;
}
